
Microsoft Visual Studio Solution File, Format Version 12.00
# Visual Studio Version 17
VisualStudioVersion = 17.6.33829.357
MinimumVisualStudioVersion = 10.0.40219.1
Project("{FAE04EC0-301F-11D3-BF4B-00C04F79EFBC}") = "tesTilengineCS", "tesTilengineCS.csproj", "{AF506911-A0C7-4B7E-84C9-BCAD86DD4292}"
EndProject
Global
	GlobalSection(SolutionConfigurationPlatforms) = preSolution
		Debug|Any CPU = Debug|Any CPU
		Release|Any CPU = Release|Any CPU
	EndGlobalSection
	GlobalSection(ProjectConfigurationPlatforms) = postSolution
		{AF506911-A0C7-4B7E-84C9-BCAD86DD4292}.Debug|Any CPU.ActiveCfg = Debug|Any CPU
		{AF506911-A0C7-4B7E-84C9-BCAD86DD4292}.Debug|Any CPU.Build.0 = Debug|Any CPU
		{AF506911-A0C7-4B7E-84C9-BCAD86DD4292}.Release|Any CPU.ActiveCfg = Release|Any CPU
		{AF506911-A0C7-4B7E-84C9-BCAD86DD4292}.Release|Any CPU.Build.0 = Release|Any CPU
	EndGlobalSection
	GlobalSection(SolutionProperties) = preSolution
		HideSolutionNode = FALSE
	EndGlobalSection
	GlobalSection(ExtensibilityGlobals) = postSolution
		SolutionGuid = {55272606-F7D4-4D88-9293-CC9BFF539A75}
	EndGlobalSection
EndGlobal
